
Microsoft Visual Studio Solution File, Format Version 12.00
# Visual Studio Version 16
VisualStudioVersion = 16.0.29424.173
MinimumVisualStudioVersion = 10.0.40219.1
Project("{9092AA53-FB77-4645-B42D-1CCCA6BD08BD}") = "Buddygram", "Buddygram.njsproj", "{C8213811-6061-465E-8D93-232AE51833E4}"
EndProject
Global
	GlobalSection(SolutionConfigurationPlatforms) = preSolution
		Debug|Any CPU = Debug|Any CPU
		Release|Any CPU = Release|Any CPU
	EndGlobalSection
	GlobalSection(ProjectConfigurationPlatforms) = postSolution
		{C8213811-6061-465E-8D93-232AE51833E4}.Debug|Any CPU.ActiveCfg = Debug|Any CPU
		{C8213811-6061-465E-8D93-232AE51833E4}.Debug|Any CPU.Build.0 = Debug|Any CPU
		{C8213811-6061-465E-8D93-232AE51833E4}.Release|Any CPU.ActiveCfg = Release|Any CPU
		{C8213811-6061-465E-8D93-232AE51833E4}.Release|Any CPU.Build.0 = Release|Any CPU
	EndGlobalSection
	GlobalSection(SolutionProperties) = preSolution
		HideSolutionNode = FALSE
	EndGlobalSection
	GlobalSection(ExtensibilityGlobals) = postSolution
		SolutionGuid = {D3A83FAA-2AA5-4600-8225-14A5D08794E2}
	EndGlobalSection
EndGlobal
